// !$*UTF8*$!
{
	archiveVersion = 1;
	classes = {
	};
	objectVersion = 55;
	objects = {

/* Begin PBXBuildFile section */
		ACB15AB72875FB8000C5C51C /* AppDelegate.swift in Sources */ = {isa = PBXBuildFile; fileRef = ACB15AB62875FB8000C5C51C /* AppDelegate.swift */; };
		ACB15AB92875FB8000C5C51C /* SceneDelegate.swift in Sources */ = {isa = PBXBuildFile; fileRef = ACB15AB82875FB8000C5C51C /* SceneDelegate.swift */; };
		ACB15ABB2875FB8000C5C51C /* LoginViewController.swift in Sources */ = {isa = PBXBuildFile; fileRef = ACB15ABA2875FB8000C5C51C /* LoginViewController.swift */; };
		ACB15ABE2875FB8000C5C51C /* Main.storyboard in Resources */ = {isa = PBXBuildFile; fileRef = ACB15ABC2875FB8000C5C51C /* Main.storyboard */; };
		ACB15AC02875FB8700C5C51C /* Assets.xcassets in Resources */ = {isa = PBXBuildFile; fileRef = ACB15ABF2875FB8700C5C51C /* Assets.xcassets */; };
		ACB15AC32875FB8700C5C51C /* LaunchScreen.storyboard in Resources */ = {isa = PBXBuildFile; fileRef = ACB15AC12875FB8700C5C51C /* LaunchScreen.storyboard */; };
		ACC6AFCF2876051F00790BA0 /* CafeViewController.swift in Sources */ = {isa = PBXBuildFile; fileRef = ACC6AFCE2876051F00790BA0 /* CafeViewController.swift */; };
		ACC6AFD128760F6400790BA0 /* BillViewController.swift in Sources */ = {isa = PBXBuildFile; fileRef = ACC6AFD028760F6400790BA0 /* BillViewController.swift */; };
/* End PBXBuildFile section */

/* Begin PBXFileReference section */
		ACB15AB32875FB8000C5C51C /* theSwiftDeveloperHomework.app */ = {isa = PBXFileReference; explicitFileType = wrapper.application; includeInIndex = 0; path = theSwiftDeveloperHomework.app; sourceTree = BUILT_PRODUCTS_DIR; };
		ACB15AB62875FB8000C5C51C /* AppDelegate.swift */ = {isa = PBXFileReference; lastKnownFileType = sourcecode.swift; path = AppDelegate.swift; sourceTree = "<group>"; };
		ACB15AB82875FB8000C5C51C /* SceneDelegate.swift */ = {isa = PBXFileReference; lastKnownFileType = sourcecode.swift; path = SceneDelegate.swift; sourceTree = "<group>"; };
		ACB15ABA2875FB8000C5C51C /* LoginViewController.swift */ = {isa = PBXFileReference; lastKnownFileType = sourcecode.swift; path = LoginViewController.swift; sourceTree = "<group>"; };
		ACB15ABD2875FB8000C5C51C /* Base */ = {isa = PBXFileReference; lastKnownFileType = file.storyboard; name = Base; path = Base.lproj/Main.storyboard; sourceTree = "<group>"; };
		ACB15ABF2875FB8700C5C51C /* Assets.xcassets */ = {isa = PBXFileReference; lastKnownFileType = folder.assetcatalog; path = Assets.xcassets; sourceTree = "<group>"; };
		ACB15AC22875FB8700C5C51C /* Base */ = {isa = PBXFileReference; lastKnownFileType = file.storyboard; name = Base; path = Base.lproj/LaunchScreen.storyboard; sourceTree = "<group>"; };
		ACB15AC42875FB8700C5C51C /* Info.plist */ = {isa = PBXFileReference; lastKnownFileType = text.plist.xml; path = Info.plist; sourceTree = "<group>"; };
		ACC6AFCE2876051F00790BA0 /* CafeViewController.swift */ = {isa = PBXFileReference; lastKnownFileType = sourcecode.swift; path = CafeViewController.swift; sourceTree = "<group>"; };
		ACC6AFD028760F6400790BA0 /* BillViewController.swift */ = {isa = PBXFileReference; lastKnownFileType = sourcecode.swift; path = BillViewController.swift; sourceTree = "<group>"; };
/* End PBXFileReference section */

/* Begin PBXFrameworksBuildPhase section */
		ACB15AB02875FB8000C5C51C /* Frameworks */ = {
			isa = PBXFrameworksBuildPhase;
			buildActionMask = 2147483647;
			files = (
			);
			runOnlyForDeploymentPostprocessing = 0;
		};
/* End PBXFrameworksBuildPhase section */

/* Begin PBXGroup section */
		ACB15AAA2875FB8000C5C51C = {
			isa = PBXGroup;
			children = (
				ACB15AB52875FB8000C5C51C /* theSwiftDeveloperHomework */,
				ACB15AB42875FB8000C5C51C /* Products */,
			);
			sourceTree = "<group>";
		};
		ACB15AB42875FB8000C5C51C /* Products */ = {
			isa = PBXGroup;
			children = (
				ACB15AB32875FB8000C5C51C /* theSwiftDeveloperHomework.app */,
			);
			name = Products;
			sourceTree = "<group>";
		};
		ACB15AB52875FB8000C5C51C /* theSwiftDeveloperHomework */ = {
			isa = PBXGroup;
			children = (
				ACB15AB62875FB8000C5C51C /* AppDelegate.swift */,
				ACB15AB82875FB8000C5C51C /* SceneDelegate.swift */,
				ACC6AFD2287705AB00790BA0 /* Controllers */,
				ACB15ABC2875FB8000C5C51C /* Main.storyboard */,
				ACB15ABF2875FB8700C5C51C /* Assets.xcassets */,
				ACB15AC12875FB8700C5C51C /* LaunchScreen.storyboard */,
				ACB15AC42875FB8700C5C51C /* Info.plist */,
			);
			path = theSwiftDeveloperHomework;
			sourceTree = "<group>";
		};
		ACC6AFD2287705AB00790BA0 /* Controllers */ = {
			isa = PBXGroup;
			children = (
				ACB15ABA2875FB8000C5C51C /* LoginViewController.swift */,
				ACC6AFCE2876051F00790BA0 /* CafeViewController.swift */,
				ACC6AFD028760F6400790BA0 /* BillViewController.swift */,
			);
			path = Controllers;
			sourceTree = "<group>";
		};
/* End PBXGroup section */

/* Begin PBXNativeTarget section */
		ACB15AB22875FB8000C5C51C /* theSwiftDeveloperHomework */ = {
			isa = PBXNativeTarget;
			buildConfigurationList = ACB15AC72875FB8700C5C51C /* Build configuration list for PBXNativeTarget "theSwiftDeveloperHomework" */;
			buildPhases = (
				ACB15AAF2875FB8000C5C51C /* Sources */,
				ACB15AB02875FB8000C5C51C /* Frameworks */,
				ACB15AB12875FB8000C5C51C /* Resources */,
			);
			buildRules = (
			);
			dependencies = (
			);
			name = theSwiftDeveloperHomework;
			productName = theSwiftDeveloperHomework;
			productReference = ACB15AB32875FB8000C5C51C /* theSwiftDeveloperHomework.app */;
			productType = "com.apple.product-type.application";
		};
/* End PBXNativeTarget section */

/* Begin PBXProject section */
		ACB15AAB2875FB8000C5C51C /* Project object */ = {
			isa = PBXProject;
			attributes = {
				BuildIndependentTargetsInParallel = 1;
				LastSwiftUpdateCheck = 1320;
				LastUpgradeCheck = 1320;
				TargetAttributes = {
					ACB15AB22875FB8000C5C51C = {
						CreatedOnToolsVersion = 13.2.1;
					};
				};
			};
			buildConfigurationList = ACB15AAE2875FB8000C5C51C /* Build configuration list for PBXProject "theSwiftDeveloperHomework" */;
			compatibilityVersion = "Xcode 13.0";
			developmentRegion = en;
			hasScannedForEncodings = 0;
			knownRegions = (
				en,
				Base,
			);
			mainGroup = ACB15AAA2875FB8000C5C51C;
			productRefGroup = ACB15AB42875FB8000C5C51C /* Products */;
			projectDirPath = "";
			projectRoot = "";
			targets = (
				ACB15AB22875FB8000C5C51C /* theSwiftDeveloperHomework */,
			);
		};
/* End PBXProject section */

/* Begin PBXResourcesBuildPhase section */
		ACB15AB12875FB8000C5C51C /* Resources */ = {
			isa = PBXResourcesBuildPhase;
			buildActionMask = 2147483647;
			files = (
				ACB15AC32875FB8700C5C51C /* LaunchScreen.storyboard in Resources */,
				ACB15AC02875FB8700C5C51C /* Assets.xcassets in Resources */,
				ACB15ABE2875FB8000C5C51C /* Main.storyboard in Resources */,
			);
			runOnlyForDeploymentPostprocessing = 0;
		};
/* End PBXResourcesBuildPhase section */

/* Begin PBXSourcesBuildPhase section */
		ACB15AAF2875FB8000C5C51C /* Sources */ = {
			isa = PBXSourcesBuildPhase;
			buildActionMask = 2147483647;
			files = (
				ACB15ABB2875FB8000C5C51C /* LoginViewController.swift in Sources */,
				ACC6AFCF2876051F00790BA0 /* CafeViewController.swift in Sources */,
				ACC6AFD128760F6400790BA0 /* BillViewController.swift in Sources */,
				ACB15AB72875FB8000C5C51C /* AppDelegate.swift in Sources */,
				ACB15AB92875FB8000C5C51C /* SceneDelegate.swift in Sources */,
			);
			runOnlyForDeploymentPostprocessing = 0;
		};
/* End PBXSourcesBuildPhase section */

/* Begin PBXVariantGroup section */
		ACB15ABC2875FB8000C5C51C /* Main.storyboard */ = {
			isa = PBXVariantGroup;
			children = (
				ACB15ABD2875FB8000C5C51C /* Base */,
			);
			name = Main.storyboard;
			sourceTree = "<group>";
		};
		ACB15AC12875FB8700C5C51C /* LaunchScreen.storyboard */ = {
			isa = PBXVariantGroup;
			children = (
				ACB15AC22875FB8700C5C51C /* Base */,
			);
			name = LaunchScreen.storyboard;
			sourceTree = "<group>";
		};
/* End PBXVariantGroup section */

/* Begin XCBuildConfiguration section */
		ACB15AC52875FB8700C5C51C /* Debug */ = {
			isa = XCBuildConfiguration;
			buildSettings = {
				ALWAYS_SEARCH_USER_PATHS = NO;
				CLANG_ANALYZER_NONNULL = YES;
				CLANG_ANALYZER_NUMBER_OBJECT_CONVERSION = YES_AGGRESSIVE;
				CLANG_CXX_LANGUAGE_STANDARD = "gnu++17";
				CLANG_CXX_LIBRARY = "libc++";
				CLANG_ENABLE_MODULES = YES;
				CLANG_ENABLE_OBJC_ARC = YES;
				CLANG_ENABLE_OBJC_WEAK = YES;
				CLANG_WARN_BLOCK_CAPTURE_AUTORELEASING = YES;
				CLANG_WARN_BOOL_CONVERSION = YES;
				CLANG_WARN_COMMA = YES;
				CLANG_WARN_CONSTANT_CONVERSION = YES;
				CLANG_WARN_DEPRECATED_OBJC_IMPLEMENTATIONS = YES;
				CLANG_WARN_DIRECT_OBJC_ISA_USAGE = YES_ERROR;
				CLANG_WARN_DOCUMENTATION_COMMENTS = YES;
				CLANG_WARN_EMPTY_BODY = YES;
				CLANG_WARN_ENUM_CONVERSION = YES;
				CLANG_WARN_INFINITE_RECURSION = YES;
				CLANG_WARN_INT_CONVERSION = YES;
				CLANG_WARN_NON_LITERAL_NULL_CONVERSION = YES;
				CLANG_WARN_OBJC_IMPLICIT_RETAIN_SELF = YES;
				CLANG_WARN_OBJC_LITERAL_CONVERSION = YES;
				CLANG_WARN_OBJC_ROOT_CLASS = YES_ERROR;
				CLANG_WARN_QUOTED_INCLUDE_IN_FRAMEWORK_HEADER = YES;
				CLANG_WARN_RANGE_LOOP_ANALYSIS = YES;
				CLANG_WARN_STRICT_PROTOTYPES = YES;
				CLANG_WARN_SUSPICIOUS_MOVE = YES;
				CLANG_WARN_UNGUARDED_AVAILABILITY = YES_AGGRESSIVE;
				CLANG_WARN_UNREACHABLE_CODE = YES;
				CLANG_WARN__DUPLICATE_METHOD_MATCH = YES;
				COPY_PHASE_STRIP = NO;
				DEBUG_INFORMATION_FORMAT = dwarf;
				ENABLE_STRICT_OBJC_MSGSEND = YES;
				ENABLE_TESTABILITY = YES;
				GCC_C_LANGUAGE_STANDARD = gnu11;
				GCC_DYNAMIC_NO_PIC = NO;
				GCC_NO_COMMON_BLOCKS = YES;
				GCC_OPTIMIZATION_LEVEL = 0;
				GCC_PREPROCESSOR_DEFINITIONS = (
					"DEBUG=1",
					"$(inherited)",
				);
				GCC_WARN_64_TO_32_BIT_CONVERSION = YES;
				GCC_WARN_ABOUT_RETURN_TYPE = YES_ERROR;
				GCC_WARN_UNDECLARED_SELECTOR = YES;
				GCC_WARN_UNINITIALIZED_AUTOS = YES_AGGRESSIVE;
				GCC_WARN_UNUSED_FUNCTION = YES;
				GCC_WARN_UNUSED_VARIABLE = YES;
				IPHONEOS_DEPLOYMENT_TARGET = 15.2;
				MTL_ENABLE_DEBUG_INFO = INCLUDE_SOURCE;
				MTL_FAST_MATH = YES;
				ONLY_ACTIVE_ARCH = YES;
				SDKROOT = iphoneos;
				SWIFT_ACTIVE_COMPILATION_CONDITIONS = DEBUG;
				SWIFT_OPTIMIZATION_LEVEL = "-Onone";
			};
			name = Debug;
		};
		ACB15AC62875FB8700C5C51C /* Release */ = {
			isa = XCBuildConfiguration;
			buildSettings = {
				ALWAYS_SEARCH_USER_PATHS = NO;
				CLANG_ANALYZER_NONNULL = YES;
				CLANG_ANALYZER_NUMBER_OBJECT_CONVERSION = YES_AGGRESSIVE;
				CLANG_CXX_LANGUAGE_STANDARD = "gnu++17";
				CLANG_CXX_LIBRARY = "libc++";
				CLANG_ENABLE_MODULES = YES;
				CLANG_ENABLE_OBJC_ARC = YES;
				CLANG_ENABLE_OBJC_WEAK = YES;
				CLANG_WARN_BLOCK_CAPTURE_AUTORELEASING = YES;
				CLANG_WARN_BOOL_CONVERSION = YES;
				CLANG_WARN_COMMA = YES;
				CLANG_WARN_CONSTANT_CONVERSION = YES;
				CLANG_WARN_DEPRECATED_OBJC_IMPLEMENTATIONS = YES;
				CLANG_WARN_DIRECT_OBJC_ISA_USAGE = YES_ERROR;
				CLANG_WARN_DOCUMENTATION_COMMENTS = YES;
				CLANG_WARN_EMPTY_BODY = YES;
				CLANG_WARN_ENUM_CONVERSION = YES;
				CLANG_WARN_INFINITE_RECURSION = YES;
				CLANG_WARN_INT_CONVERSION = YES;
				CLANG_WARN_NON_LITERAL_NULL_CONVERSION = YES;
				CLANG_WARN_OBJC_IMPLICIT_RETAIN_SELF = YES;
				CLANG_WARN_OBJC_LITERAL_CONVERSION = YES;
				CLANG_WARN_OBJC_ROOT_CLASS = YES_ERROR;
				CLANG_WARN_QUOTED_INCLUDE_IN_FRAMEWORK_HEADER = YES;
				CLANG_WARN_RANGE_LOOP_ANALYSIS = YES;
				CLANG_WARN_STRICT_PROTOTYPES = YES;
				CLANG_WARN_SUSPICIOUS_MOVE = YES;
				CLANG_WARN_UNGUARDED_AVAILABILITY = YES_AGGRESSIVE;
				CLANG_WARN_UNREACHABLE_CODE = YES;
				CLANG_WARN__DUPLICATE_METHOD_MATCH = YES;
				COPY_PHASE_STRIP = NO;
				DEBUG_INFORMATION_FORMAT = "dwarf-with-dsym";
				ENABLE_NS_ASSERTIONS = NO;
				ENABLE_STRICT_OBJC_MSGSEND = YES;
				GCC_C_LANGUAGE_STANDARD = gnu11;
				GCC_NO_COMMON_BLOCKS = YES;
				GCC_WARN_64_TO_32_BIT_CONVERSION = YES;
				GCC_WARN_ABOUT_RETURN_TYPE = YES_ERROR;
				GCC_WARN_UNDECLARED_SELECTOR = YES;
				GCC_WARN_UNINITIALIZED_AUTOS = YES_AGGRESSIVE;
				GCC_WARN_UNUSED_FUNCTION = YES;
				GCC_WARN_UNUSED_VARIABLE = YES;
				IPHONEOS_DEPLOYMENT_TARGET = 15.2;
				MTL_ENABLE_DEBUG_INFO = NO;
				MTL_FAST_MATH = YES;
				SDKROOT = iphoneos;
				SWIFT_COMPILATION_MODE = wholemodule;
				SWIFT_OPTIMIZATION_LEVEL = "-O";
				VALIDATE_PRODUCT = YES;
			};
			name = Release;
		};
		ACB15AC82875FB8700C5C51C /* Debug */ = {
			isa = XCBuildConfiguration;
			buildSettings = {
				ASSETCATALOG_COMPILER_APPICON_NAME = AppIcon;
				ASSETCATALOG_COMPILER_GLOBAL_ACCENT_COLOR_NAME = AccentColor;
				CODE_SIGN_STYLE = Automatic;
				CURRENT_PROJECT_VERSION = 1;
				DEVELOPMENT_TEAM = 443TPCF6DW;
				GENERATE_INFOPLIST_FILE = YES;
				INFOPLIST_FILE = theSwiftDeveloperHomework/Info.plist;
				INFOPLIST_KEY_UIApplicationSupportsIndirectInputEvents = YES;
				INFOPLIST_KEY_UILaunchStoryboardName = LaunchScreen;
				INFOPLIST_KEY_UIMainStoryboardFile = Main;
				INFOPLIST_KEY_UISupportedInterfaceOrientations_iPad = "UIInterfaceOrientationPortrait UIInterfaceOrientationPortraitUpsideDown UIInterfaceOrientationLandscapeLeft UIInterfaceOrientationLandscapeRight";
				INFOPLIST_KEY_UISupportedInterfaceOrientations_iPhone = "UIInterfaceOrientationPortrait UIInterfaceOrientationLandscapeLeft UIInterfaceOrientationLandscapeRight";
				LD_RUNPATH_SEARCH_PATHS = (
					"$(inherited)",
					"@executable_path/Frameworks",
				);
				MARKETING_VERSION = 1.0;
				PRODUCT_BUNDLE_IDENTIFIER = ru.samplay.theSwiftDeveloperHomework;
				PRODUCT_NAME = "$(TARGET_NAME)";
				SWIFT_EMIT_LOC_STRINGS = YES;
				SWIFT_VERSION = 5.0;
				TARGETED_DEVICE_FAMILY = "1,2";
			};
			name = Debug;
		};
		ACB15AC92875FB8700C5C51C /* Release */ = {
			isa = XCBuildConfiguration;
			buildSettings = {
				ASSETCATALOG_COMPILER_APPICON_NAME = AppIcon;
				ASSETCATALOG_COMPILER_GLOBAL_ACCENT_COLOR_NAME = AccentColor;
				CODE_SIGN_STYLE = Automatic;
				CURRENT_PROJECT_VERSION = 1;
				DEVELOPMENT_TEAM = 443TPCF6DW;
				GENERATE_INFOPLIST_FILE = YES;
				INFOPLIST_FILE = theSwiftDeveloperHomework/Info.plist;
				INFOPLIST_KEY_UIApplicationSupportsIndirectInputEvents = YES;
				INFOPLIST_KEY_UILaunchStoryboardName = LaunchScreen;
				INFOPLIST_KEY_UIMainStoryboardFile = Main;
				INFOPLIST_KEY_UISupportedInterfaceOrientations_iPad = "UIInterfaceOrientationPortrait UIInterfaceOrientationPortraitUpsideDown UIInterfaceOrientationLandscapeLeft UIInterfaceOrientationLandscapeRight";
				INFOPLIST_KEY_UISupportedInterfaceOrientations_iPhone = "UIInterfaceOrientationPortrait UIInterfaceOrientationLandscapeLeft UIInterfaceOrientationLandscapeRight";
				LD_RUNPATH_SEARCH_PATHS = (
					"$(inherited)",
					"@executable_path/Frameworks",
				);
				MARKETING_VERSION = 1.0;
				PRODUCT_BUNDLE_IDENTIFIER = ru.samplay.theSwiftDeveloperHomework;
				PRODUCT_NAME = "$(TARGET_NAME)";
				SWIFT_EMIT_LOC_STRINGS = YES;
				SWIFT_VERSION = 5.0;
				TARGETED_DEVICE_FAMILY = "1,2";
			};
			name = Release;
		};
/* End XCBuildConfiguration section */

/* Begin XCConfigurationList section */
		ACB15AAE2875FB8000C5C51C /* Build configuration list for PBXProject "theSwiftDeveloperHomework" */ = {
			isa = XCConfigurationList;
			buildConfigurations = (
				ACB15AC52875FB8700C5C51C /* Debug */,
				ACB15AC62875FB8700C5C51C /* Release */,
			);
			defaultConfigurationIsVisible = 0;
			defaultConfigurationName = Release;
		};
		ACB15AC72875FB8700C5C51C /* Build configuration list for PBXNativeTarget "theSwiftDeveloperHomework" */ = {
			isa = XCConfigurationList;
			buildConfigurations = (
				ACB15AC82875FB8700C5C51C /* Debug */,
				ACB15AC92875FB8700C5C51C /* Release */,
			);
			defaultConfigurationIsVisible = 0;
			defaultConfigurationName = Release;
		};
/* End XCConfigurationList section */
	};
	rootObject = ACB15AAB2875FB8000C5C51C /* Project object */;
}
